{
  "name": "package",
  "version": "1.0.0",
  "lockfileVersion": 3,
  "requires": true,
  "packages": {
    "": {
      "name": "package",
      "version": "1.0.0",
      "license": "ISC",
      "dependencies": {
        "@vant/weapp": "^1.11.6",
        "wechat-http": "^0.0.8",
        "wechat-validate": "^0.0.3"
      }
    },
    "node_modules/@vant/weapp": {
      "version": "1.11.6",
      "resolved": "https://registry.npmjs.org/@vant/weapp/-/weapp-1.11.6.tgz",
      "integrity": "sha512-a3heReWYT2gNdsyj6x1hBwsM8V8NrjcPAmle86NH2CD2V/i/h0le75piW6KntSfOPCwekVWMBKhysNrBpJeKdw=="
    },
    "node_modules/wechat-http": {
      "version": "0.0.8",
      "resolved": "https://registry.npmjs.org/wechat-http/-/wechat-http-0.0.8.tgz",
      "integrity": "sha512-spvBIryhWCJHktZxKju78pr6qOSL77LMZx12Z8c8P6DArOk8+C/19IcsvX4brxJT1/57dr2Y9WdLtF/bNxyFGA=="
    },
    "node_modules/wechat-validate": {
      "version": "0.0.3",
      "resolved": "https://registry.npmjs.org/wechat-validate/-/wechat-validate-0.0.3.tgz",
      "integrity": "sha512-rPfzPv8T6iHsZfCv71kegbtlyxRupoPY6nURF0aEhk2lyU0Y4ZIEzjrT0p7xKK4wCDnkAGVUtUpBMK9m1C/Z1g=="
    }
  }
}
