{
  "name": "package",
  "version": "1.0.0",
  "lockfileVersion": 3,
  "requires": true,
  "packages": {
    "": {
      "name": "package",
      "version": "1.0.0",
      "license": "ISC",
      "dependencies": {
        "@vant/weapp": "^1.11.6",
        "wechat-http": "^0.0.8"
      }
    },
    "node_modules/@vant/weapp": {
      "version": "1.11.6",
      "resolved": "https://registry.npmjs.org/@vant/weapp/-/weapp-1.11.6.tgz",
      "integrity": "sha512-a3heReWYT2gNdsyj6x1hBwsM8V8NrjcPAmle86NH2CD2V/i/h0le75piW6KntSfOPCwekVWMBKhysNrBpJeKdw=="
    },
    "node_modules/wechat-http": {
      "version": "0.0.8",
      "resolved": "https://registry.npmjs.org/wechat-http/-/wechat-http-0.0.8.tgz",
      "integrity": "sha512-spvBIryhWCJHktZxKju78pr6qOSL77LMZx12Z8c8P6DArOk8+C/19IcsvX4brxJT1/57dr2Y9WdLtF/bNxyFGA=="
    }
  }
}
